
Microsoft Visual Studio Solution File, Format Version 11.00
# Visual Studio 2010
Project("{FAE04EC0-301F-11D3-BF4B-00C04F79EFBC}") = "NovoFatum R3", "NovoFatum R3\NovoFatum R3.csproj", "{72B43881-F2C0-4A48-96ED-9B982DF02D78}"
EndProject
Global
	GlobalSection(SolutionConfigurationPlatforms) = preSolution
		Debug|Any CPU = Debug|Any CPU
		Release|Any CPU = Release|Any CPU
	EndGlobalSection
	GlobalSection(ProjectConfigurationPlatforms) = postSolution
		{72B43881-F2C0-4A48-96ED-9B982DF02D78}.Debug|Any CPU.ActiveCfg = Debug|Any CPU
		{72B43881-F2C0-4A48-96ED-9B982DF02D78}.Debug|Any CPU.Build.0 = Debug|Any CPU
		{72B43881-F2C0-4A48-96ED-9B982DF02D78}.Release|Any CPU.ActiveCfg = Release|Any CPU
		{72B43881-F2C0-4A48-96ED-9B982DF02D78}.Release|Any CPU.Build.0 = Release|Any CPU
	EndGlobalSection
	GlobalSection(SolutionProperties) = preSolution
		HideSolutionNode = FALSE
	EndGlobalSection
EndGlobal
