
Microsoft Visual Studio Solution File, Format Version 12.00
# Visual Studio 15
VisualStudioVersion = 15.0.28010.2048
MinimumVisualStudioVersion = 10.0.40219.1
Project("{FAE04EC0-301F-11D3-BF4B-00C04F79EFBC}") = "Tween Bot V3", "Tween Bot V3\Tween Bot V3.csproj", "{28CEA3BD-E0E2-4676-BCAC-3E8223D783DE}"
EndProject
Project("{FAE04EC0-301F-11D3-BF4B-00C04F79EFBC}") = "Sulakore", "Sulakore\Sulakore.csproj", "{49E8859B-4191-48F2-AF04-AD7012E867B3}"
EndProject
Project("{FAE04EC0-301F-11D3-BF4B-00C04F79EFBC}") = "Tween Bot V3 Module", "Tween Bot V3 Module\Tween Bot V3 Module.csproj", "{06659840-01D6-4BBF-BBE2-811814938F91}"
EndProject
Global
	GlobalSection(SolutionConfigurationPlatforms) = preSolution
		Debug|Any CPU = Debug|Any CPU
		Release|Any CPU = Release|Any CPU
	EndGlobalSection
	GlobalSection(ProjectConfigurationPlatforms) = postSolution
		{28CEA3BD-E0E2-4676-BCAC-3E8223D783DE}.Debug|Any CPU.ActiveCfg = Debug|Any CPU
		{28CEA3BD-E0E2-4676-BCAC-3E8223D783DE}.Debug|Any CPU.Build.0 = Debug|Any CPU
		{28CEA3BD-E0E2-4676-BCAC-3E8223D783DE}.Release|Any CPU.ActiveCfg = Release|Any CPU
		{28CEA3BD-E0E2-4676-BCAC-3E8223D783DE}.Release|Any CPU.Build.0 = Release|Any CPU
		{49E8859B-4191-48F2-AF04-AD7012E867B3}.Debug|Any CPU.ActiveCfg = Debug|Any CPU
		{49E8859B-4191-48F2-AF04-AD7012E867B3}.Debug|Any CPU.Build.0 = Debug|Any CPU
		{49E8859B-4191-48F2-AF04-AD7012E867B3}.Release|Any CPU.ActiveCfg = Release|Any CPU
		{49E8859B-4191-48F2-AF04-AD7012E867B3}.Release|Any CPU.Build.0 = Release|Any CPU
		{06659840-01D6-4BBF-BBE2-811814938F91}.Debug|Any CPU.ActiveCfg = Debug|Any CPU
		{06659840-01D6-4BBF-BBE2-811814938F91}.Debug|Any CPU.Build.0 = Debug|Any CPU
		{06659840-01D6-4BBF-BBE2-811814938F91}.Release|Any CPU.ActiveCfg = Release|Any CPU
		{06659840-01D6-4BBF-BBE2-811814938F91}.Release|Any CPU.Build.0 = Release|Any CPU
	EndGlobalSection
	GlobalSection(SolutionProperties) = preSolution
		HideSolutionNode = FALSE
	EndGlobalSection
	GlobalSection(ExtensibilityGlobals) = postSolution
		SolutionGuid = {DB204D9E-DBD0-41C4-A111-4BFBEDB09B76}
	EndGlobalSection
EndGlobal
